{
  "originHash" : "8e2316e5f8506c040562c1bb2f55f4d56dc3029e0dd64ea71097a6dbebe19e56",
  "pins" : [
    {
      "identity" : "polykit-swift",
      "kind" : "remoteSourceControl",
      "location" : "https://github.com/dannystewart/polykit-swift.git",
      "state" : {
        "branch" : "main",
        "revision" : "35e23c2ce6157e98001234454f42d6bf8bf7a5cd"
      }
    },
    {
      "identity" : "swift-argument-parser",
      "kind" : "remoteSourceControl",
      "location" : "https://github.com/apple/swift-argument-parser.git",
      "state" : {
        "revision" : "309a47b2b1d9b5e991f36961c983ecec72275be3",
        "version" : "1.6.1"
      }
    }
  ],
  "version" : 3
}
