{
  "originHash" : "34c17d5d5ae6786a9185a73c313523f581e1fa27c752fe806c5edcb6d8e33cd6",
  "pins" : [
    {
      "identity" : "polykit-swift",
      "kind" : "remoteSourceControl",
      "location" : "https://github.com/dannystewart/polykit-swift.git",
      "state" : {
        "branch" : "main",
        "revision" : "02b620861a944d959182ed0e3215ec30176de4ce"
      }
    },
    {
      "identity" : "swift-argument-parser",
      "kind" : "remoteSourceControl",
      "location" : "https://github.com/apple/swift-argument-parser.git",
      "state" : {
        "revision" : "309a47b2b1d9b5e991f36961c983ecec72275be3",
        "version" : "1.6.1"
      }
    }
  ],
  "version" : 3
}
