{
  "originHash" : "d5ab1c184f8c90b50fe35130a53672112bfa4644989084dfb9fa992e7e2ed53a",
  "pins" : [
    {
      "identity" : "polykit-swift",
      "kind" : "remoteSourceControl",
      "location" : "https://github.com/dannystewart/polykit-swift.git",
      "state" : {
        "branch" : "main",
        "revision" : "58eba75c2f62df5db6de55f4037421a42e76e3e4"
      }
    },
    {
      "identity" : "swift-argument-parser",
      "kind" : "remoteSourceControl",
      "location" : "https://github.com/apple/swift-argument-parser.git",
      "state" : {
        "revision" : "309a47b2b1d9b5e991f36961c983ecec72275be3",
        "version" : "1.6.1"
      }
    }
  ],
  "version" : 3
}
